
Microsoft Visual Studio Solution File, Format Version 12.00
Project("{FAE04EC0-301F-11D3-BF4B-00C04F79EFBC}") = "Working.With.Cors.Api", "Working.With.Cors.Api\Working.With.Cors.Api.csproj", "{E4B9737C-4D57-414C-A411-7D031B6699C5}"
EndProject
Global
	GlobalSection(SolutionConfigurationPlatforms) = preSolution
		Debug|Any CPU = Debug|Any CPU
		Release|Any CPU = Release|Any CPU
	EndGlobalSection
	GlobalSection(ProjectConfigurationPlatforms) = postSolution
		{E4B9737C-4D57-414C-A411-7D031B6699C5}.Debug|Any CPU.ActiveCfg = Debug|Any CPU
		{E4B9737C-4D57-414C-A411-7D031B6699C5}.Debug|Any CPU.Build.0 = Debug|Any CPU
		{E4B9737C-4D57-414C-A411-7D031B6699C5}.Release|Any CPU.ActiveCfg = Release|Any CPU
		{E4B9737C-4D57-414C-A411-7D031B6699C5}.Release|Any CPU.Build.0 = Release|Any CPU
	EndGlobalSection
EndGlobal
